
Microsoft Visual Studio Solution File, Format Version 12.00
# Visual Studio Version 17
VisualStudioVersion = 17.0.32112.339
MinimumVisualStudioVersion = 10.0.40219.1
Project("{FAE04EC0-301F-11D3-BF4B-00C04F79EFBC}") = "Console-Application", "Console-Application\Console-Application.csproj", "{100C05D7-0B87-48FC-AC2D-C8FE3B2D2455}"
EndProject
Global
	GlobalSection(SolutionConfigurationPlatforms) = preSolution
		Debug|Any CPU = Debug|Any CPU
		Release|Any CPU = Release|Any CPU
	EndGlobalSection
	GlobalSection(ProjectConfigurationPlatforms) = postSolution
		{100C05D7-0B87-48FC-AC2D-C8FE3B2D2455}.Debug|Any CPU.ActiveCfg = Debug|Any CPU
		{100C05D7-0B87-48FC-AC2D-C8FE3B2D2455}.Debug|Any CPU.Build.0 = Debug|Any CPU
		{100C05D7-0B87-48FC-AC2D-C8FE3B2D2455}.Release|Any CPU.ActiveCfg = Release|Any CPU
		{100C05D7-0B87-48FC-AC2D-C8FE3B2D2455}.Release|Any CPU.Build.0 = Release|Any CPU
	EndGlobalSection
	GlobalSection(SolutionProperties) = preSolution
		HideSolutionNode = FALSE
	EndGlobalSection
	GlobalSection(ExtensibilityGlobals) = postSolution
		SolutionGuid = {67158829-96DC-46A5-AA5D-856870598B27}
	EndGlobalSection
EndGlobal
